
Microsoft Visual Studio Solution File, Format Version 12.00
# Visual Studio 15
VisualStudioVersion = 15.0.28307.489
MinimumVisualStudioVersion = 10.0.40219.1
Project("{FAE04EC0-301F-11D3-BF4B-00C04F79EFBC}") = "BlackDragon Installer", "BlackDragon Installer\BlackDragon Installer.csproj", "{83574F64-FF65-4EED-AA17-088CFF0A791B}"
EndProject
Global
	GlobalSection(SolutionConfigurationPlatforms) = preSolution
		Debug|Any CPU = Debug|Any CPU
		Release|Any CPU = Release|Any CPU
	EndGlobalSection
	GlobalSection(ProjectConfigurationPlatforms) = postSolution
		{83574F64-FF65-4EED-AA17-088CFF0A791B}.Debug|Any CPU.ActiveCfg = Debug|Any CPU
		{83574F64-FF65-4EED-AA17-088CFF0A791B}.Debug|Any CPU.Build.0 = Debug|Any CPU
		{83574F64-FF65-4EED-AA17-088CFF0A791B}.Release|Any CPU.ActiveCfg = Release|Any CPU
		{83574F64-FF65-4EED-AA17-088CFF0A791B}.Release|Any CPU.Build.0 = Release|Any CPU
	EndGlobalSection
	GlobalSection(SolutionProperties) = preSolution
		HideSolutionNode = FALSE
	EndGlobalSection
	GlobalSection(ExtensibilityGlobals) = postSolution
		SolutionGuid = {EDA82D31-9DDF-49D4-818B-AA60FC572F8C}
	EndGlobalSection
EndGlobal
